
Microsoft Visual Studio Solution File, Format Version 12.00
# Visual Studio Version 16
VisualStudioVersion = 16.0.29215.179
MinimumVisualStudioVersion = 10.0.40219.1
Project("{FAE04EC0-301F-11D3-BF4B-00C04F79EFBC}") = "MathAndComparisonOperations", "MathAndComparisonOperations\MathAndComparisonOperations.csproj", "{EB2F3D52-CECD-4C65-8940-E253821D925B}"
EndProject
Global
	GlobalSection(SolutionConfigurationPlatforms) = preSolution
		Debug|Any CPU = Debug|Any CPU
		Release|Any CPU = Release|Any CPU
	EndGlobalSection
	GlobalSection(ProjectConfigurationPlatforms) = postSolution
		{EB2F3D52-CECD-4C65-8940-E253821D925B}.Debug|Any CPU.ActiveCfg = Debug|Any CPU
		{EB2F3D52-CECD-4C65-8940-E253821D925B}.Debug|Any CPU.Build.0 = Debug|Any CPU
		{EB2F3D52-CECD-4C65-8940-E253821D925B}.Release|Any CPU.ActiveCfg = Release|Any CPU
		{EB2F3D52-CECD-4C65-8940-E253821D925B}.Release|Any CPU.Build.0 = Release|Any CPU
	EndGlobalSection
	GlobalSection(SolutionProperties) = preSolution
		HideSolutionNode = FALSE
	EndGlobalSection
	GlobalSection(ExtensibilityGlobals) = postSolution
		SolutionGuid = {B3A6924D-51E1-48F2-9DD9-65FF034C0EF2}
	EndGlobalSection
EndGlobal
