
Microsoft Visual Studio Solution File, Format Version 12.00
# Visual Studio Version 16
VisualStudioVersion = 16.0.29215.179
MinimumVisualStudioVersion = 10.0.40219.1
Project("{FAE04EC0-301F-11D3-BF4B-00C04F79EFBC}") = "MethodPractice", "MethodPractice\MethodPractice.csproj", "{678C8F3F-61E4-42D4-AA26-D8FB4C96B79A}"
EndProject
Global
	GlobalSection(SolutionConfigurationPlatforms) = preSolution
		Debug|Any CPU = Debug|Any CPU
		Release|Any CPU = Release|Any CPU
	EndGlobalSection
	GlobalSection(ProjectConfigurationPlatforms) = postSolution
		{678C8F3F-61E4-42D4-AA26-D8FB4C96B79A}.Debug|Any CPU.ActiveCfg = Debug|Any CPU
		{678C8F3F-61E4-42D4-AA26-D8FB4C96B79A}.Debug|Any CPU.Build.0 = Debug|Any CPU
		{678C8F3F-61E4-42D4-AA26-D8FB4C96B79A}.Release|Any CPU.ActiveCfg = Release|Any CPU
		{678C8F3F-61E4-42D4-AA26-D8FB4C96B79A}.Release|Any CPU.Build.0 = Release|Any CPU
	EndGlobalSection
	GlobalSection(SolutionProperties) = preSolution
		HideSolutionNode = FALSE
	EndGlobalSection
	GlobalSection(ExtensibilityGlobals) = postSolution
		SolutionGuid = {6859A0C0-6BD2-406D-AC2D-35E40F33899C}
	EndGlobalSection
EndGlobal
