
Microsoft Visual Studio Solution File, Format Version 12.00
# Visual Studio Version 16
VisualStudioVersion = 16.0.29215.179
MinimumVisualStudioVersion = 10.0.40219.1
Project("{FAE04EC0-301F-11D3-BF4B-00C04F79EFBC}") = "StringExercises", "StringExercises\StringExercises.csproj", "{4DBBE0DB-2823-4CCF-8D61-28B1FC4D0388}"
EndProject
Global
	GlobalSection(SolutionConfigurationPlatforms) = preSolution
		Debug|Any CPU = Debug|Any CPU
		Release|Any CPU = Release|Any CPU
	EndGlobalSection
	GlobalSection(ProjectConfigurationPlatforms) = postSolution
		{4DBBE0DB-2823-4CCF-8D61-28B1FC4D0388}.Debug|Any CPU.ActiveCfg = Debug|Any CPU
		{4DBBE0DB-2823-4CCF-8D61-28B1FC4D0388}.Debug|Any CPU.Build.0 = Debug|Any CPU
		{4DBBE0DB-2823-4CCF-8D61-28B1FC4D0388}.Release|Any CPU.ActiveCfg = Release|Any CPU
		{4DBBE0DB-2823-4CCF-8D61-28B1FC4D0388}.Release|Any CPU.Build.0 = Release|Any CPU
	EndGlobalSection
	GlobalSection(SolutionProperties) = preSolution
		HideSolutionNode = FALSE
	EndGlobalSection
	GlobalSection(ExtensibilityGlobals) = postSolution
		SolutionGuid = {3470AD62-17FC-4BED-BA0A-B8EC778E5580}
	EndGlobalSection
EndGlobal
