
Microsoft Visual Studio Solution File, Format Version 12.00
# Visual Studio Version 16
VisualStudioVersion = 16.0.29215.179
MinimumVisualStudioVersion = 10.0.40219.1
Project("{FAE04EC0-301F-11D3-BF4B-00C04F79EFBC}") = "Lambda", "Lambda\Lambda.csproj", "{80905DED-BBE1-48A0-849F-95C1B1ED04C8}"
EndProject
Global
	GlobalSection(SolutionConfigurationPlatforms) = preSolution
		Debug|Any CPU = Debug|Any CPU
		Release|Any CPU = Release|Any CPU
	EndGlobalSection
	GlobalSection(ProjectConfigurationPlatforms) = postSolution
		{80905DED-BBE1-48A0-849F-95C1B1ED04C8}.Debug|Any CPU.ActiveCfg = Debug|Any CPU
		{80905DED-BBE1-48A0-849F-95C1B1ED04C8}.Debug|Any CPU.Build.0 = Debug|Any CPU
		{80905DED-BBE1-48A0-849F-95C1B1ED04C8}.Release|Any CPU.ActiveCfg = Release|Any CPU
		{80905DED-BBE1-48A0-849F-95C1B1ED04C8}.Release|Any CPU.Build.0 = Release|Any CPU
	EndGlobalSection
	GlobalSection(SolutionProperties) = preSolution
		HideSolutionNode = FALSE
	EndGlobalSection
	GlobalSection(ExtensibilityGlobals) = postSolution
		SolutionGuid = {0F4F8163-3382-4C88-B5A2-F3FCF251EE8A}
	EndGlobalSection
EndGlobal
