
Microsoft Visual Studio Solution File, Format Version 12.00
# Visual Studio Version 16
VisualStudioVersion = 16.0.29215.179
MinimumVisualStudioVersion = 10.0.40219.1
Project("{FAE04EC0-301F-11D3-BF4B-00C04F79EFBC}") = "While Loop", "While Loop\While Loop.csproj", "{A79D32AA-6DDF-4441-BE9E-95367E714A4C}"
EndProject
Global
	GlobalSection(SolutionConfigurationPlatforms) = preSolution
		Debug|Any CPU = Debug|Any CPU
		Release|Any CPU = Release|Any CPU
	EndGlobalSection
	GlobalSection(ProjectConfigurationPlatforms) = postSolution
		{A79D32AA-6DDF-4441-BE9E-95367E714A4C}.Debug|Any CPU.ActiveCfg = Debug|Any CPU
		{A79D32AA-6DDF-4441-BE9E-95367E714A4C}.Debug|Any CPU.Build.0 = Debug|Any CPU
		{A79D32AA-6DDF-4441-BE9E-95367E714A4C}.Release|Any CPU.ActiveCfg = Release|Any CPU
		{A79D32AA-6DDF-4441-BE9E-95367E714A4C}.Release|Any CPU.Build.0 = Release|Any CPU
	EndGlobalSection
	GlobalSection(SolutionProperties) = preSolution
		HideSolutionNode = FALSE
	EndGlobalSection
	GlobalSection(ExtensibilityGlobals) = postSolution
		SolutionGuid = {CA03D0B5-7A3E-49B1-A1ED-FD866DEF05E3}
	EndGlobalSection
EndGlobal
